
Microsoft Visual Studio Solution File, Format Version 12.00
# Visual Studio Version 17
VisualStudioVersion = 17.5.33424.131
MinimumVisualStudioVersion = 10.0.40219.1
Project("{FAE04EC0-301F-11D3-BF4B-00C04F79EFBC}") = "InstanceVariablePrac32", "InstanceVariablePrac32\InstanceVariablePrac32.csproj", "{D603AD4C-C79A-42BF-BFE3-B036BA23EF84}"
EndProject
Global
	GlobalSection(SolutionConfigurationPlatforms) = preSolution
		Debug|Any CPU = Debug|Any CPU
		Release|Any CPU = Release|Any CPU
	EndGlobalSection
	GlobalSection(ProjectConfigurationPlatforms) = postSolution
		{D603AD4C-C79A-42BF-BFE3-B036BA23EF84}.Debug|Any CPU.ActiveCfg = Debug|Any CPU
		{D603AD4C-C79A-42BF-BFE3-B036BA23EF84}.Debug|Any CPU.Build.0 = Debug|Any CPU
		{D603AD4C-C79A-42BF-BFE3-B036BA23EF84}.Release|Any CPU.ActiveCfg = Release|Any CPU
		{D603AD4C-C79A-42BF-BFE3-B036BA23EF84}.Release|Any CPU.Build.0 = Release|Any CPU
	EndGlobalSection
	GlobalSection(SolutionProperties) = preSolution
		HideSolutionNode = FALSE
	EndGlobalSection
	GlobalSection(ExtensibilityGlobals) = postSolution
		SolutionGuid = {AC97B6DD-0218-4BE2-A2F7-CC08D4B580D9}
	EndGlobalSection
EndGlobal
